// !$*UTF8*$!
{
	archiveVersion = 1;
	classes = {
	};
	objectVersion = 51;
	objects = {

/* Begin PBXBuildFile section */
		69138F12260F9BB3602E276C /* Pods_share1car.framework in Frameworks */ = {isa = PBXBuildFile; fileRef = AFF6D25DD8DDC25686867607 /* Pods_share1car.framework */; };
		F10D27C42378B9E4009BC84F /* SettingsViewController.swift in Sources */ = {isa = PBXBuildFile; fileRef = F10D27C32378B9E4009BC84F /* SettingsViewController.swift */; };
		F10D27C62378CE7F009BC84F /* ImagePicker.swift in Sources */ = {isa = PBXBuildFile; fileRef = F10D27C52378CE7F009BC84F /* ImagePicker.swift */; };
		F10D27C82378D690009BC84F /* UserSettingsProfilePhotoHeaderView.xib in Resources */ = {isa = PBXBuildFile; fileRef = F10D27C72378D690009BC84F /* UserSettingsProfilePhotoHeaderView.xib */; };
		F10D27CA2378D72F009BC84F /* UserSettingsProfilePhotoHeaderView.swift in Sources */ = {isa = PBXBuildFile; fileRef = F10D27C92378D72F009BC84F /* UserSettingsProfilePhotoHeaderView.swift */; };
		F10D27CC2379DE6A009BC84F /* CarpoolRideInformationView.xib in Resources */ = {isa = PBXBuildFile; fileRef = F10D27CB2379DE6A009BC84F /* CarpoolRideInformationView.xib */; };
		F10D27CE2379E062009BC84F /* CarpoolRideInformationView.swift in Sources */ = {isa = PBXBuildFile; fileRef = F10D27CD2379E062009BC84F /* CarpoolRideInformationView.swift */; };
		F10D27D12379E28C009BC84F /* CarpoolAlertBTLNItem.swift in Sources */ = {isa = PBXBuildFile; fileRef = F10D27D02379E28C009BC84F /* CarpoolAlertBTLNItem.swift */; };
		F11AD78B2370CC5600B308E3 /* PriceCalculation.swift in Sources */ = {isa = PBXBuildFile; fileRef = F11AD78A2370CC5600B308E3 /* PriceCalculation.swift */; };
		F11AD78D2370DF7E00B308E3 /* treprower_str_91.gpx in Resources */ = {isa = PBXBuildFile; fileRef = F11AD78C2370DF7E00B308E3 /* treprower_str_91.gpx */; };
		F11AD78F2370E0A900B308E3 /* Alerts.swift in Sources */ = {isa = PBXBuildFile; fileRef = F11AD78E2370E0A900B308E3 /* Alerts.swift */; };
		F11AD7912370E42E00B308E3 /* DriverDataManager.swift in Sources */ = {isa = PBXBuildFile; fileRef = F11AD7902370E42E00B308E3 /* DriverDataManager.swift */; };
		F11AD7932370F70400B308E3 /* LocationManager.swift in Sources */ = {isa = PBXBuildFile; fileRef = F11AD7922370F70300B308E3 /* LocationManager.swift */; };
		F11E2AE223707D6900C8E9D0 /* Roboto-Regular.ttf in Resources */ = {isa = PBXBuildFile; fileRef = F11E2AE023707D6900C8E9D0 /* Roboto-Regular.ttf */; };
		F11E2AE323707D6900C8E9D0 /* Roboto-Bold.ttf in Resources */ = {isa = PBXBuildFile; fileRef = F11E2AE123707D6900C8E9D0 /* Roboto-Bold.ttf */; };
		F11E2AEF23707D7900C8E9D0 /* AnimHelper.swift in Sources */ = {isa = PBXBuildFile; fileRef = F11E2AE723707D7900C8E9D0 /* AnimHelper.swift */; };
		F11E2AF023707D7900C8E9D0 /* Searchbar.swift in Sources */ = {isa = PBXBuildFile; fileRef = F11E2AE823707D7900C8E9D0 /* Searchbar.swift */; };
		F11E2AF123707D7900C8E9D0 /* Extensions.swift in Sources */ = {isa = PBXBuildFile; fileRef = F11E2AE923707D7900C8E9D0 /* Extensions.swift */; };
		F11E2AF223707D7900C8E9D0 /* WidgetExtensions.swift in Sources */ = {isa = PBXBuildFile; fileRef = F11E2AEB23707D7900C8E9D0 /* WidgetExtensions.swift */; };
		F11E2AF323707D7900C8E9D0 /* MaterialTextField.swift in Sources */ = {isa = PBXBuildFile; fileRef = F11E2AEC23707D7900C8E9D0 /* MaterialTextField.swift */; };
		F11E2AF423707D7900C8E9D0 /* MaterialButton.swift in Sources */ = {isa = PBXBuildFile; fileRef = F11E2AED23707D7900C8E9D0 /* MaterialButton.swift */; };
		F11E2AF523707D7900C8E9D0 /* RippleLayer.swift in Sources */ = {isa = PBXBuildFile; fileRef = F11E2AEE23707D7900C8E9D0 /* RippleLayer.swift */; };
		F11E2AF72370906D00C8E9D0 /* SearchTableViewController.swift in Sources */ = {isa = PBXBuildFile; fileRef = F11E2AF62370906D00C8E9D0 /* SearchTableViewController.swift */; };
		F11E2AF92370925200C8E9D0 /* Namedblocks.swift in Sources */ = {isa = PBXBuildFile; fileRef = F11E2AF82370925200C8E9D0 /* Namedblocks.swift */; };
		F121B2722382211E000746C1 /* SceneDelegate.swift in Sources */ = {isa = PBXBuildFile; fileRef = F121B2712382211E000746C1 /* SceneDelegate.swift */; };
		F1369403237A453000F64C9B /* FeedbackViewController.swift in Sources */ = {isa = PBXBuildFile; fileRef = F1369402237A453000F64C9B /* FeedbackViewController.swift */; };
		F1369405237A45E100F64C9B /* FeedbackHeaderView.swift in Sources */ = {isa = PBXBuildFile; fileRef = F1369404237A45E100F64C9B /* FeedbackHeaderView.swift */; };
		F1369407237A45F200F64C9B /* FeedbackHeaderView.xib in Resources */ = {isa = PBXBuildFile; fileRef = F1369406237A45F200F64C9B /* FeedbackHeaderView.xib */; };
		F1369409237A487700F64C9B /* CustomRateCell.swift in Sources */ = {isa = PBXBuildFile; fileRef = F1369408237A487700F64C9B /* CustomRateCell.swift */; };
		F136940B237A549000F64C9B /* CustomRateCell.xib in Resources */ = {isa = PBXBuildFile; fileRef = F136940A237A549000F64C9B /* CustomRateCell.xib */; };
		F136940D237A588700F64C9B /* OnboardingManager.swift in Sources */ = {isa = PBXBuildFile; fileRef = F136940C237A588700F64C9B /* OnboardingManager.swift */; };
		F136940F237B945900F64C9B /* CarpoolAcceptManager.swift in Sources */ = {isa = PBXBuildFile; fileRef = F136940E237B945900F64C9B /* CarpoolAcceptManager.swift */; };
		F136A709237471560055DF4D /* RiderDataManager.swift in Sources */ = {isa = PBXBuildFile; fileRef = F136A708237471560055DF4D /* RiderDataManager.swift */; };
		F136A70B2374B9D60055DF4D /* Converters.swift in Sources */ = {isa = PBXBuildFile; fileRef = F136A70A2374B9D60055DF4D /* Converters.swift */; };
		F136A70D237605FA0055DF4D /* GoogleService-Info.plist in Resources */ = {isa = PBXBuildFile; fileRef = F136A70C237605FA0055DF4D /* GoogleService-Info.plist */; };
		F136A70F23762D9F0055DF4D /* SidemenuViewController.swift in Sources */ = {isa = PBXBuildFile; fileRef = F136A70E23762D9F0055DF4D /* SidemenuViewController.swift */; };
		F136A7112377012A0055DF4D /* Kotti Dang.gpx in Resources */ = {isa = PBXBuildFile; fileRef = F136A7102377012A0055DF4D /* Kotti Dang.gpx */; };
		F136A71323774A080055DF4D /* UserSettingsManager.swift in Sources */ = {isa = PBXBuildFile; fileRef = F136A71223774A080055DF4D /* UserSettingsManager.swift */; };
		F136A7162377909E0055DF4D /* Sameheads.gpx in Resources */ = {isa = PBXBuildFile; fileRef = F136A7152377909E0055DF4D /* Sameheads.gpx */; };
		F13E6B81236CA4AF008C136B /* RiderViewController.swift in Sources */ = {isa = PBXBuildFile; fileRef = F13E6B80236CA4AF008C136B /* RiderViewController.swift */; };
		F13E6B83236CA576008C136B /* DriverViewController.swift in Sources */ = {isa = PBXBuildFile; fileRef = F13E6B82236CA576008C136B /* DriverViewController.swift */; };
		F13E6B85236CA5FE008C136B /* MainTabBarController.swift in Sources */ = {isa = PBXBuildFile; fileRef = F13E6B84236CA5FE008C136B /* MainTabBarController.swift */; };
		F13E6B87236CC062008C136B /* DataManager.swift in Sources */ = {isa = PBXBuildFile; fileRef = F13E6B86236CC062008C136B /* DataManager.swift */; };
		F13E6B8B236CC1DA008C136B /* ViewModels.swift in Sources */ = {isa = PBXBuildFile; fileRef = F13E6B8A236CC1DA008C136B /* ViewModels.swift */; };
		F13E6B8D236CC2CF008C136B /* AuthManager.swift in Sources */ = {isa = PBXBuildFile; fileRef = F13E6B8C236CC2CF008C136B /* AuthManager.swift */; };
		F1A27826236C94DC004B9C8F /* AppDelegate.swift in Sources */ = {isa = PBXBuildFile; fileRef = F1A27825236C94DC004B9C8F /* AppDelegate.swift */; };
		F1A2782F236C94DC004B9C8F /* Main.storyboard in Resources */ = {isa = PBXBuildFile; fileRef = F1A2782D236C94DC004B9C8F /* Main.storyboard */; };
		F1A27831236C94E0004B9C8F /* Assets.xcassets in Resources */ = {isa = PBXBuildFile; fileRef = F1A27830236C94E0004B9C8F /* Assets.xcassets */; };
		F1A27834236C94E0004B9C8F /* LaunchScreen.storyboard in Resources */ = {isa = PBXBuildFile; fileRef = F1A27832236C94E0004B9C8F /* LaunchScreen.storyboard */; };
		F1AC5B6A237DD1D30052E1DE /* RouteETAAnnotationView.swift in Sources */ = {isa = PBXBuildFile; fileRef = F1AC5B69237DD1D30052E1DE /* RouteETAAnnotationView.swift */; };
		F1AC5B6C237DE1B80052E1DE /* RouteETAAnnotationView.xib in Resources */ = {isa = PBXBuildFile; fileRef = F1AC5B6B237DE1B80052E1DE /* RouteETAAnnotationView.xib */; };
		F1AC5B6E237DF1CF0052E1DE /* UIView+S1C.swift in Sources */ = {isa = PBXBuildFile; fileRef = F1AC5B6D237DF1CF0052E1DE /* UIView+S1C.swift */; };
		F1B65E8E2377FFFB003F39B8 /* Color+S1C.swift in Sources */ = {isa = PBXBuildFile; fileRef = F1B65E8D2377FFFB003F39B8 /* Color+S1C.swift */; };
		F1EAC2F6236C982D001CE4C3 /* Podfile in Resources */ = {isa = PBXBuildFile; fileRef = F1EAC2F5236C982D001CE4C3 /* Podfile */; };
		F1F73F5923786B2D00AA7E32 /* NotificationsManager.swift in Sources */ = {isa = PBXBuildFile; fileRef = F1F73F5823786B2D00AA7E32 /* NotificationsManager.swift */; };
		F1F73F622378774F00AA7E32 /* BulletinDataSource.swift in Sources */ = {isa = PBXBuildFile; fileRef = F1F73F5F2378771200AA7E32 /* BulletinDataSource.swift */; };
		F1F73F692378777A00AA7E32 /* FeedbackPageBulletinItem.swift in Sources */ = {isa = PBXBuildFile; fileRef = F1F73F5B2378771200AA7E32 /* FeedbackPageBulletinItem.swift */; };
		F1F73F6A2378777A00AA7E32 /* BackgroundStyles.swift in Sources */ = {isa = PBXBuildFile; fileRef = F1F73F5C2378771200AA7E32 /* BackgroundStyles.swift */; };
		F1F73F6C2378777A00AA7E32 /* TextFieldBulletinPage.swift in Sources */ = {isa = PBXBuildFile; fileRef = F1F73F5E2378771200AA7E32 /* TextFieldBulletinPage.swift */; };
		F1F73F6D2378777A00AA7E32 /* DatePickerBulletinItem.swift in Sources */ = {isa = PBXBuildFile; fileRef = F1F73F602378771200AA7E32 /* DatePickerBulletinItem.swift */; };
		F1F73F7023787CF200AA7E32 /* FeedbackGenerators.swift in Sources */ = {isa = PBXBuildFile; fileRef = F1F73F6F23787CF200AA7E32 /* FeedbackGenerators.swift */; };
		F1F73F73237891A600AA7E32 /* CarpoolSearchManager.swift in Sources */ = {isa = PBXBuildFile; fileRef = F1F73F72237891A600AA7E32 /* CarpoolSearchManager.swift */; };
/* End PBXBuildFile section */

/* Begin PBXFileReference section */
		4E8C56ACF287C3FDC2CEC6F4 /* Pods-share1car.debug.xcconfig */ = {isa = PBXFileReference; includeInIndex = 1; lastKnownFileType = text.xcconfig; name = "Pods-share1car.debug.xcconfig"; path = "Target Support Files/Pods-share1car/Pods-share1car.debug.xcconfig"; sourceTree = "<group>"; };
		7A4053CCD9BF5207A693DFD9 /* Pods-share1car.release.xcconfig */ = {isa = PBXFileReference; includeInIndex = 1; lastKnownFileType = text.xcconfig; name = "Pods-share1car.release.xcconfig"; path = "Target Support Files/Pods-share1car/Pods-share1car.release.xcconfig"; sourceTree = "<group>"; };
		AFF6D25DD8DDC25686867607 /* Pods_share1car.framework */ = {isa = PBXFileReference; explicitFileType = wrapper.framework; includeInIndex = 0; path = Pods_share1car.framework; sourceTree = BUILT_PRODUCTS_DIR; };
		F10D27C32378B9E4009BC84F /* SettingsViewController.swift */ = {isa = PBXFileReference; lastKnownFileType = sourcecode.swift; path = SettingsViewController.swift; sourceTree = "<group>"; };
		F10D27C52378CE7F009BC84F /* ImagePicker.swift */ = {isa = PBXFileReference; fileEncoding = 4; lastKnownFileType = sourcecode.swift; path = ImagePicker.swift; sourceTree = "<group>"; };
		F10D27C72378D690009BC84F /* UserSettingsProfilePhotoHeaderView.xib */ = {isa = PBXFileReference; lastKnownFileType = file.xib; path = UserSettingsProfilePhotoHeaderView.xib; sourceTree = "<group>"; };
		F10D27C92378D72F009BC84F /* UserSettingsProfilePhotoHeaderView.swift */ = {isa = PBXFileReference; lastKnownFileType = sourcecode.swift; path = UserSettingsProfilePhotoHeaderView.swift; sourceTree = "<group>"; };
		F10D27CB2379DE6A009BC84F /* CarpoolRideInformationView.xib */ = {isa = PBXFileReference; lastKnownFileType = file.xib; path = CarpoolRideInformationView.xib; sourceTree = "<group>"; };
		F10D27CD2379E062009BC84F /* CarpoolRideInformationView.swift */ = {isa = PBXFileReference; lastKnownFileType = sourcecode.swift; path = CarpoolRideInformationView.swift; sourceTree = "<group>"; };
		F10D27D02379E28C009BC84F /* CarpoolAlertBTLNItem.swift */ = {isa = PBXFileReference; lastKnownFileType = sourcecode.swift; path = CarpoolAlertBTLNItem.swift; sourceTree = "<group>"; };
		F11AD78A2370CC5600B308E3 /* PriceCalculation.swift */ = {isa = PBXFileReference; lastKnownFileType = sourcecode.swift; path = PriceCalculation.swift; sourceTree = "<group>"; };
		F11AD78C2370DF7E00B308E3 /* treprower_str_91.gpx */ = {isa = PBXFileReference; fileEncoding = 4; lastKnownFileType = text.xml; path = treprower_str_91.gpx; sourceTree = "<group>"; };
		F11AD78E2370E0A900B308E3 /* Alerts.swift */ = {isa = PBXFileReference; lastKnownFileType = sourcecode.swift; path = Alerts.swift; sourceTree = "<group>"; };
		F11AD7902370E42E00B308E3 /* DriverDataManager.swift */ = {isa = PBXFileReference; lastKnownFileType = sourcecode.swift; path = DriverDataManager.swift; sourceTree = "<group>"; };
		F11AD7922370F70300B308E3 /* LocationManager.swift */ = {isa = PBXFileReference; lastKnownFileType = sourcecode.swift; path = LocationManager.swift; sourceTree = "<group>"; };
		F11E2AE023707D6900C8E9D0 /* Roboto-Regular.ttf */ = {isa = PBXFileReference; lastKnownFileType = file; path = "Roboto-Regular.ttf"; sourceTree = "<group>"; };
		F11E2AE123707D6900C8E9D0 /* Roboto-Bold.ttf */ = {isa = PBXFileReference; lastKnownFileType = file; path = "Roboto-Bold.ttf"; sourceTree = "<group>"; };
		F11E2AE723707D7900C8E9D0 /* AnimHelper.swift */ = {isa = PBXFileReference; fileEncoding = 4; lastKnownFileType = sourcecode.swift; path = AnimHelper.swift; sourceTree = "<group>"; };
		F11E2AE823707D7900C8E9D0 /* Searchbar.swift */ = {isa = PBXFileReference; fileEncoding = 4; lastKnownFileType = sourcecode.swift; path = Searchbar.swift; sourceTree = "<group>"; };
		F11E2AE923707D7900C8E9D0 /* Extensions.swift */ = {isa = PBXFileReference; fileEncoding = 4; lastKnownFileType = sourcecode.swift; path = Extensions.swift; sourceTree = "<group>"; };
		F11E2AEB23707D7900C8E9D0 /* WidgetExtensions.swift */ = {isa = PBXFileReference; fileEncoding = 4; lastKnownFileType = sourcecode.swift; path = WidgetExtensions.swift; sourceTree = "<group>"; };
		F11E2AEC23707D7900C8E9D0 /* MaterialTextField.swift */ = {isa = PBXFileReference; fileEncoding = 4; lastKnownFileType = sourcecode.swift; path = MaterialTextField.swift; sourceTree = "<group>"; };
		F11E2AED23707D7900C8E9D0 /* MaterialButton.swift */ = {isa = PBXFileReference; fileEncoding = 4; lastKnownFileType = sourcecode.swift; path = MaterialButton.swift; sourceTree = "<group>"; };
		F11E2AEE23707D7900C8E9D0 /* RippleLayer.swift */ = {isa = PBXFileReference; fileEncoding = 4; lastKnownFileType = sourcecode.swift; path = RippleLayer.swift; sourceTree = "<group>"; };
		F11E2AF62370906D00C8E9D0 /* SearchTableViewController.swift */ = {isa = PBXFileReference; lastKnownFileType = sourcecode.swift; path = SearchTableViewController.swift; sourceTree = "<group>"; };
		F11E2AF82370925200C8E9D0 /* Namedblocks.swift */ = {isa = PBXFileReference; lastKnownFileType = sourcecode.swift; path = Namedblocks.swift; sourceTree = "<group>"; };
		F121B2712382211E000746C1 /* SceneDelegate.swift */ = {isa = PBXFileReference; fileEncoding = 4; lastKnownFileType = sourcecode.swift; path = SceneDelegate.swift; sourceTree = "<group>"; };
		F1369402237A453000F64C9B /* FeedbackViewController.swift */ = {isa = PBXFileReference; lastKnownFileType = sourcecode.swift; path = FeedbackViewController.swift; sourceTree = "<group>"; };
		F1369404237A45E100F64C9B /* FeedbackHeaderView.swift */ = {isa = PBXFileReference; lastKnownFileType = sourcecode.swift; path = FeedbackHeaderView.swift; sourceTree = "<group>"; };
		F1369406237A45F200F64C9B /* FeedbackHeaderView.xib */ = {isa = PBXFileReference; lastKnownFileType = file.xib; path = FeedbackHeaderView.xib; sourceTree = "<group>"; };
		F1369408237A487700F64C9B /* CustomRateCell.swift */ = {isa = PBXFileReference; lastKnownFileType = sourcecode.swift; path = CustomRateCell.swift; sourceTree = "<group>"; };
		F136940A237A549000F64C9B /* CustomRateCell.xib */ = {isa = PBXFileReference; lastKnownFileType = file.xib; path = CustomRateCell.xib; sourceTree = "<group>"; };
		F136940C237A588700F64C9B /* OnboardingManager.swift */ = {isa = PBXFileReference; lastKnownFileType = sourcecode.swift; path = OnboardingManager.swift; sourceTree = "<group>"; };
		F136940E237B945900F64C9B /* CarpoolAcceptManager.swift */ = {isa = PBXFileReference; lastKnownFileType = sourcecode.swift; path = CarpoolAcceptManager.swift; sourceTree = "<group>"; };
		F136A708237471560055DF4D /* RiderDataManager.swift */ = {isa = PBXFileReference; lastKnownFileType = sourcecode.swift; path = RiderDataManager.swift; sourceTree = "<group>"; };
		F136A70A2374B9D60055DF4D /* Converters.swift */ = {isa = PBXFileReference; lastKnownFileType = sourcecode.swift; path = Converters.swift; sourceTree = "<group>"; };
		F136A70C237605FA0055DF4D /* GoogleService-Info.plist */ = {isa = PBXFileReference; fileEncoding = 4; lastKnownFileType = text.plist.xml; path = "GoogleService-Info.plist"; sourceTree = "<group>"; };
		F136A70E23762D9F0055DF4D /* SidemenuViewController.swift */ = {isa = PBXFileReference; lastKnownFileType = sourcecode.swift; path = SidemenuViewController.swift; sourceTree = "<group>"; };
		F136A7102377012A0055DF4D /* Kotti Dang.gpx */ = {isa = PBXFileReference; lastKnownFileType = text.xml; path = "Kotti Dang.gpx"; sourceTree = "<group>"; };
		F136A71223774A080055DF4D /* UserSettingsManager.swift */ = {isa = PBXFileReference; lastKnownFileType = sourcecode.swift; path = UserSettingsManager.swift; sourceTree = "<group>"; };
		F136A71423778F560055DF4D /* k-fetisch.gpx */ = {isa = PBXFileReference; lastKnownFileType = text.xml; path = "k-fetisch.gpx"; sourceTree = "<group>"; };
		F136A7152377909E0055DF4D /* Sameheads.gpx */ = {isa = PBXFileReference; lastKnownFileType = text.xml; path = Sameheads.gpx; sourceTree = "<group>"; };
		F13E6B80236CA4AF008C136B /* RiderViewController.swift */ = {isa = PBXFileReference; lastKnownFileType = sourcecode.swift; path = RiderViewController.swift; sourceTree = "<group>"; };
		F13E6B82236CA576008C136B /* DriverViewController.swift */ = {isa = PBXFileReference; lastKnownFileType = sourcecode.swift; path = DriverViewController.swift; sourceTree = "<group>"; };
		F13E6B84236CA5FE008C136B /* MainTabBarController.swift */ = {isa = PBXFileReference; lastKnownFileType = sourcecode.swift; path = MainTabBarController.swift; sourceTree = "<group>"; };
		F13E6B86236CC062008C136B /* DataManager.swift */ = {isa = PBXFileReference; lastKnownFileType = sourcecode.swift; path = DataManager.swift; sourceTree = "<group>"; };
		F13E6B8A236CC1DA008C136B /* ViewModels.swift */ = {isa = PBXFileReference; lastKnownFileType = sourcecode.swift; path = ViewModels.swift; sourceTree = "<group>"; };
		F13E6B8C236CC2CF008C136B /* AuthManager.swift */ = {isa = PBXFileReference; lastKnownFileType = sourcecode.swift; path = AuthManager.swift; sourceTree = "<group>"; };
		F1A27822236C94DC004B9C8F /* share1car.app */ = {isa = PBXFileReference; explicitFileType = wrapper.application; includeInIndex = 0; path = share1car.app; sourceTree = BUILT_PRODUCTS_DIR; };
		F1A27825236C94DC004B9C8F /* AppDelegate.swift */ = {isa = PBXFileReference; lastKnownFileType = sourcecode.swift; path = AppDelegate.swift; sourceTree = "<group>"; };
		F1A2782E236C94DC004B9C8F /* Base */ = {isa = PBXFileReference; lastKnownFileType = file.storyboard; name = Base; path = Base.lproj/Main.storyboard; sourceTree = "<group>"; };
		F1A27830236C94E0004B9C8F /* Assets.xcassets */ = {isa = PBXFileReference; lastKnownFileType = folder.assetcatalog; path = Assets.xcassets; sourceTree = "<group>"; };
		F1A27833236C94E0004B9C8F /* Base */ = {isa = PBXFileReference; lastKnownFileType = file.storyboard; name = Base; path = Base.lproj/LaunchScreen.storyboard; sourceTree = "<group>"; };
		F1A27835236C94E0004B9C8F /* Info.plist */ = {isa = PBXFileReference; lastKnownFileType = text.plist.xml; path = Info.plist; sourceTree = "<group>"; };
		F1AC5B69237DD1D30052E1DE /* RouteETAAnnotationView.swift */ = {isa = PBXFileReference; lastKnownFileType = sourcecode.swift; path = RouteETAAnnotationView.swift; sourceTree = "<group>"; };
		F1AC5B6B237DE1B80052E1DE /* RouteETAAnnotationView.xib */ = {isa = PBXFileReference; lastKnownFileType = file.xib; path = RouteETAAnnotationView.xib; sourceTree = "<group>"; };
		F1AC5B6D237DF1CF0052E1DE /* UIView+S1C.swift */ = {isa = PBXFileReference; lastKnownFileType = sourcecode.swift; path = "UIView+S1C.swift"; sourceTree = "<group>"; };
		F1B65E8D2377FFFB003F39B8 /* Color+S1C.swift */ = {isa = PBXFileReference; lastKnownFileType = sourcecode.swift; path = "Color+S1C.swift"; sourceTree = "<group>"; };
		F1EAC2F5236C982D001CE4C3 /* Podfile */ = {isa = PBXFileReference; fileEncoding = 4; lastKnownFileType = text; path = Podfile; sourceTree = "<group>"; xcLanguageSpecificationIdentifier = xcode.lang.ruby; };
		F1F73F5823786B2D00AA7E32 /* NotificationsManager.swift */ = {isa = PBXFileReference; lastKnownFileType = sourcecode.swift; path = NotificationsManager.swift; sourceTree = "<group>"; };
		F1F73F5B2378771200AA7E32 /* FeedbackPageBulletinItem.swift */ = {isa = PBXFileReference; lastKnownFileType = sourcecode.swift; path = FeedbackPageBulletinItem.swift; sourceTree = "<group>"; };
		F1F73F5C2378771200AA7E32 /* BackgroundStyles.swift */ = {isa = PBXFileReference; lastKnownFileType = sourcecode.swift; path = BackgroundStyles.swift; sourceTree = "<group>"; };
		F1F73F5E2378771200AA7E32 /* TextFieldBulletinPage.swift */ = {isa = PBXFileReference; lastKnownFileType = sourcecode.swift; path = TextFieldBulletinPage.swift; sourceTree = "<group>"; };
		F1F73F5F2378771200AA7E32 /* BulletinDataSource.swift */ = {isa = PBXFileReference; lastKnownFileType = sourcecode.swift; path = BulletinDataSource.swift; sourceTree = "<group>"; };
		F1F73F602378771200AA7E32 /* DatePickerBulletinItem.swift */ = {isa = PBXFileReference; lastKnownFileType = sourcecode.swift; path = DatePickerBulletinItem.swift; sourceTree = "<group>"; };
		F1F73F6F23787CF200AA7E32 /* FeedbackGenerators.swift */ = {isa = PBXFileReference; fileEncoding = 4; lastKnownFileType = sourcecode.swift; path = FeedbackGenerators.swift; sourceTree = "<group>"; };
		F1F73F71237883EF00AA7E32 /* share1car.entitlements */ = {isa = PBXFileReference; lastKnownFileType = text.plist.entitlements; path = share1car.entitlements; sourceTree = "<group>"; };
		F1F73F72237891A600AA7E32 /* CarpoolSearchManager.swift */ = {isa = PBXFileReference; lastKnownFileType = sourcecode.swift; path = CarpoolSearchManager.swift; sourceTree = "<group>"; };
/* End PBXFileReference section */

/* Begin PBXFrameworksBuildPhase section */
		F1A2781F236C94DC004B9C8F /* Frameworks */ = {
			isa = PBXFrameworksBuildPhase;
			buildActionMask = 2147483647;
			files = (
				69138F12260F9BB3602E276C /* Pods_share1car.framework in Frameworks */,
			);
			runOnlyForDeploymentPostprocessing = 0;
		};
/* End PBXFrameworksBuildPhase section */

/* Begin PBXGroup section */
		10CC9A972320FF0F70CFACBD /* Pods */ = {
			isa = PBXGroup;
			children = (
				4E8C56ACF287C3FDC2CEC6F4 /* Pods-share1car.debug.xcconfig */,
				7A4053CCD9BF5207A693DFD9 /* Pods-share1car.release.xcconfig */,
			);
			path = Pods;
			sourceTree = "<group>";
		};
		8AA0F27625864505AF484EC5 /* Frameworks */ = {
			isa = PBXGroup;
			children = (
				AFF6D25DD8DDC25686867607 /* Pods_share1car.framework */,
			);
			name = Frameworks;
			sourceTree = "<group>";
		};
		F10D27CF2379E07E009BC84F /* Views */ = {
			isa = PBXGroup;
			children = (
				F10D27C72378D690009BC84F /* UserSettingsProfilePhotoHeaderView.xib */,
				F1AC5B69237DD1D30052E1DE /* RouteETAAnnotationView.swift */,
				F1AC5B6B237DE1B80052E1DE /* RouteETAAnnotationView.xib */,
				F1369408237A487700F64C9B /* CustomRateCell.swift */,
				F136940A237A549000F64C9B /* CustomRateCell.xib */,
				F1369404237A45E100F64C9B /* FeedbackHeaderView.swift */,
				F1369406237A45F200F64C9B /* FeedbackHeaderView.xib */,
				F10D27D02379E28C009BC84F /* CarpoolAlertBTLNItem.swift */,
				F10D27CB2379DE6A009BC84F /* CarpoolRideInformationView.xib */,
				F10D27C92378D72F009BC84F /* UserSettingsProfilePhotoHeaderView.swift */,
				F10D27CD2379E062009BC84F /* CarpoolRideInformationView.swift */,
			);
			path = Views;
			sourceTree = "<group>";
		};
		F11AD7892370CBD900B308E3 /* Utilities */ = {
			isa = PBXGroup;
			children = (
				F10D27C52378CE7F009BC84F /* ImagePicker.swift */,
				F1F73F5F2378771200AA7E32 /* BulletinDataSource.swift */,
				F11E2AF82370925200C8E9D0 /* Namedblocks.swift */,
				F11AD78E2370E0A900B308E3 /* Alerts.swift */,
				F11AD78A2370CC5600B308E3 /* PriceCalculation.swift */,
				F136A70A2374B9D60055DF4D /* Converters.swift */,
				F1B65E8D2377FFFB003F39B8 /* Color+S1C.swift */,
				F1AC5B6D237DF1CF0052E1DE /* UIView+S1C.swift */,
			);
			path = Utilities;
			sourceTree = "<group>";
		};
		F11E2ADF23707D6800C8E9D0 /* Fonts */ = {
			isa = PBXGroup;
			children = (
				F11E2AE023707D6900C8E9D0 /* Roboto-Regular.ttf */,
				F11E2AE123707D6900C8E9D0 /* Roboto-Bold.ttf */,
			);
			name = Fonts;
			path = share1car/Fonts;
			sourceTree = "<group>";
		};
		F11E2AE423707D7900C8E9D0 /* vendor */ = {
			isa = PBXGroup;
			children = (
				F1F73F5A2378771200AA7E32 /* Bulletin */,
				F11E2AE523707D7900C8E9D0 /* MaterialDesignSearchbar */,
			);
			name = vendor;
			path = share1car/vendor;
			sourceTree = "<group>";
		};
		F11E2AE523707D7900C8E9D0 /* MaterialDesignSearchbar */ = {
			isa = PBXGroup;
			children = (
				F11E2AE623707D7900C8E9D0 /* Source */,
				F11E2AEA23707D7900C8E9D0 /* WidgetSource */,
			);
			path = MaterialDesignSearchbar;
			sourceTree = "<group>";
		};
		F11E2AE623707D7900C8E9D0 /* Source */ = {
			isa = PBXGroup;
			children = (
				F11E2AE723707D7900C8E9D0 /* AnimHelper.swift */,
				F11E2AE823707D7900C8E9D0 /* Searchbar.swift */,
				F11E2AE923707D7900C8E9D0 /* Extensions.swift */,
			);
			path = Source;
			sourceTree = "<group>";
		};
		F11E2AEA23707D7900C8E9D0 /* WidgetSource */ = {
			isa = PBXGroup;
			children = (
				F11E2AEB23707D7900C8E9D0 /* WidgetExtensions.swift */,
				F11E2AEC23707D7900C8E9D0 /* MaterialTextField.swift */,
				F11E2AED23707D7900C8E9D0 /* MaterialButton.swift */,
				F11E2AEE23707D7900C8E9D0 /* RippleLayer.swift */,
			);
			path = WidgetSource;
			sourceTree = "<group>";
		};
		F13E6B88236CC067008C136B /* managers */ = {
			isa = PBXGroup;
			children = (
				F13E6B86236CC062008C136B /* DataManager.swift */,
				F11AD7922370F70300B308E3 /* LocationManager.swift */,
				F1F73F5823786B2D00AA7E32 /* NotificationsManager.swift */,
				F136940C237A588700F64C9B /* OnboardingManager.swift */,
				F11AD7902370E42E00B308E3 /* DriverDataManager.swift */,
				F136A708237471560055DF4D /* RiderDataManager.swift */,
				F13E6B8C236CC2CF008C136B /* AuthManager.swift */,
				F136A71223774A080055DF4D /* UserSettingsManager.swift */,
				F1F73F72237891A600AA7E32 /* CarpoolSearchManager.swift */,
				F136940E237B945900F64C9B /* CarpoolAcceptManager.swift */,
			);
			path = managers;
			sourceTree = "<group>";
		};
		F13E6B89236CC1B9008C136B /* ViewModels */ = {
			isa = PBXGroup;
			children = (
				F13E6B8A236CC1DA008C136B /* ViewModels.swift */,
			);
			path = ViewModels;
			sourceTree = "<group>";
		};
		F1A27819236C94DC004B9C8F = {
			isa = PBXGroup;
			children = (
				F11AD78C2370DF7E00B308E3 /* treprower_str_91.gpx */,
				F136A7102377012A0055DF4D /* Kotti Dang.gpx */,
				F136A71423778F560055DF4D /* k-fetisch.gpx */,
				F136A7152377909E0055DF4D /* Sameheads.gpx */,
				F11E2AE423707D7900C8E9D0 /* vendor */,
				F11E2ADF23707D6800C8E9D0 /* Fonts */,
				F1EAC2F5236C982D001CE4C3 /* Podfile */,
				F1A27824236C94DC004B9C8F /* share1car */,
				F1A27823236C94DC004B9C8F /* Products */,
				10CC9A972320FF0F70CFACBD /* Pods */,
				8AA0F27625864505AF484EC5 /* Frameworks */,
			);
			sourceTree = "<group>";
		};
		F1A27823236C94DC004B9C8F /* Products */ = {
			isa = PBXGroup;
			children = (
				F1A27822236C94DC004B9C8F /* share1car.app */,
			);
			name = Products;
			sourceTree = "<group>";
		};
		F1A27824236C94DC004B9C8F /* share1car */ = {
			isa = PBXGroup;
			children = (
				F1F73F71237883EF00AA7E32 /* share1car.entitlements */,
				F10D27CF2379E07E009BC84F /* Views */,
				F11AD7892370CBD900B308E3 /* Utilities */,
				F13E6B89236CC1B9008C136B /* ViewModels */,
				F13E6B88236CC067008C136B /* managers */,
				F1A27825236C94DC004B9C8F /* AppDelegate.swift */,
				F121B2712382211E000746C1 /* SceneDelegate.swift */,
				F13E6B80236CA4AF008C136B /* RiderViewController.swift */,
				F13E6B84236CA5FE008C136B /* MainTabBarController.swift */,
				F10D27C32378B9E4009BC84F /* SettingsViewController.swift */,
				F136A70E23762D9F0055DF4D /* SidemenuViewController.swift */,
				F13E6B82236CA576008C136B /* DriverViewController.swift */,
				F1369402237A453000F64C9B /* FeedbackViewController.swift */,
				F11E2AF62370906D00C8E9D0 /* SearchTableViewController.swift */,
				F136A70C237605FA0055DF4D /* GoogleService-Info.plist */,
				F1A2782D236C94DC004B9C8F /* Main.storyboard */,
				F1A27830236C94E0004B9C8F /* Assets.xcassets */,
				F1A27832236C94E0004B9C8F /* LaunchScreen.storyboard */,
				F1A27835236C94E0004B9C8F /* Info.plist */,
			);
			path = share1car;
			sourceTree = "<group>";
		};
		F1F73F5A2378771200AA7E32 /* Bulletin */ = {
			isa = PBXGroup;
			children = (
				F1F73F6F23787CF200AA7E32 /* FeedbackGenerators.swift */,
				F1F73F5B2378771200AA7E32 /* FeedbackPageBulletinItem.swift */,
				F1F73F5C2378771200AA7E32 /* BackgroundStyles.swift */,
				F1F73F5E2378771200AA7E32 /* TextFieldBulletinPage.swift */,
				F1F73F602378771200AA7E32 /* DatePickerBulletinItem.swift */,
			);
			path = Bulletin;
			sourceTree = "<group>";
		};
/* End PBXGroup section */

/* Begin PBXNativeTarget section */
		F1A27821236C94DC004B9C8F /* share1car */ = {
			isa = PBXNativeTarget;
			buildConfigurationList = F1A27838236C94E0004B9C8F /* Build configuration list for PBXNativeTarget "share1car" */;
			buildPhases = (
				3B2D47FFFA5172324E424DE3 /* [CP] Check Pods Manifest.lock */,
				F1A2781E236C94DC004B9C8F /* Sources */,
				F1A2781F236C94DC004B9C8F /* Frameworks */,
				F1A27820236C94DC004B9C8F /* Resources */,
				AE7E5029F93EFEF510AF5FA0 /* [CP] Embed Pods Frameworks */,
				DC82D2460CBEC92180903501 /* [CP] Copy Pods Resources */,
			);
			buildRules = (
			);
			dependencies = (
			);
			name = share1car;
			productName = share1car;
			productReference = F1A27822236C94DC004B9C8F /* share1car.app */;
			productType = "com.apple.product-type.application";
		};
/* End PBXNativeTarget section */

/* Begin PBXProject section */
		F1A2781A236C94DC004B9C8F /* Project object */ = {
			isa = PBXProject;
			attributes = {
				LastSwiftUpdateCheck = 1110;
				LastUpgradeCheck = 1110;
				ORGANIZATIONNAME = SDWR;
				TargetAttributes = {
					F1A27821236C94DC004B9C8F = {
						CreatedOnToolsVersion = 11.1;
					};
				};
			};
			buildConfigurationList = F1A2781D236C94DC004B9C8F /* Build configuration list for PBXProject "share1car" */;
			compatibilityVersion = "Xcode 9.3";
			developmentRegion = en;
			hasScannedForEncodings = 0;
			knownRegions = (
				en,
				Base,
			);
			mainGroup = F1A27819236C94DC004B9C8F;
			productRefGroup = F1A27823236C94DC004B9C8F /* Products */;
			projectDirPath = "";
			projectRoot = "";
			targets = (
				F1A27821236C94DC004B9C8F /* share1car */,
			);
		};
/* End PBXProject section */

/* Begin PBXResourcesBuildPhase section */
		F1A27820236C94DC004B9C8F /* Resources */ = {
			isa = PBXResourcesBuildPhase;
			buildActionMask = 2147483647;
			files = (
				F11E2AE323707D6900C8E9D0 /* Roboto-Bold.ttf in Resources */,
				F136A70D237605FA0055DF4D /* GoogleService-Info.plist in Resources */,
				F11E2AE223707D6900C8E9D0 /* Roboto-Regular.ttf in Resources */,
				F1EAC2F6236C982D001CE4C3 /* Podfile in Resources */,
				F1A27834236C94E0004B9C8F /* LaunchScreen.storyboard in Resources */,
				F10D27C82378D690009BC84F /* UserSettingsProfilePhotoHeaderView.xib in Resources */,
				F11AD78D2370DF7E00B308E3 /* treprower_str_91.gpx in Resources */,
				F136A7112377012A0055DF4D /* Kotti Dang.gpx in Resources */,
				F136940B237A549000F64C9B /* CustomRateCell.xib in Resources */,
				F10D27CC2379DE6A009BC84F /* CarpoolRideInformationView.xib in Resources */,
				F1A27831236C94E0004B9C8F /* Assets.xcassets in Resources */,
				F1A2782F236C94DC004B9C8F /* Main.storyboard in Resources */,
				F1AC5B6C237DE1B80052E1DE /* RouteETAAnnotationView.xib in Resources */,
				F1369407237A45F200F64C9B /* FeedbackHeaderView.xib in Resources */,
				F136A7162377909E0055DF4D /* Sameheads.gpx in Resources */,
			);
			runOnlyForDeploymentPostprocessing = 0;
		};
/* End PBXResourcesBuildPhase section */

/* Begin PBXShellScriptBuildPhase section */
		3B2D47FFFA5172324E424DE3 /* [CP] Check Pods Manifest.lock */ = {
			isa = PBXShellScriptBuildPhase;
			buildActionMask = 2147483647;
			files = (
			);
			inputFileListPaths = (
			);
			inputPaths = (
				"${PODS_PODFILE_DIR_PATH}/Podfile.lock",
				"${PODS_ROOT}/Manifest.lock",
			);
			name = "[CP] Check Pods Manifest.lock";
			outputFileListPaths = (
			);
			outputPaths = (
				"$(DERIVED_FILE_DIR)/Pods-share1car-checkManifestLockResult.txt",
			);
			runOnlyForDeploymentPostprocessing = 0;
			shellPath = /bin/sh;
			shellScript = "diff \"${PODS_PODFILE_DIR_PATH}/Podfile.lock\" \"${PODS_ROOT}/Manifest.lock\" > /dev/null\nif [ $? != 0 ] ; then\n    # print error to STDERR\n    echo \"error: The sandbox is not in sync with the Podfile.lock. Run 'pod install' or update your CocoaPods installation.\" >&2\n    exit 1\nfi\n# This output is used by Xcode 'outputs' to avoid re-running this script phase.\necho \"SUCCESS\" > \"${SCRIPT_OUTPUT_FILE_0}\"\n";
			showEnvVarsInLog = 0;
		};
		AE7E5029F93EFEF510AF5FA0 /* [CP] Embed Pods Frameworks */ = {
			isa = PBXShellScriptBuildPhase;
			buildActionMask = 2147483647;
			files = (
			);
			inputFileListPaths = (
				"${PODS_ROOT}/Target Support Files/Pods-share1car/Pods-share1car-frameworks-${CONFIGURATION}-input-files.xcfilelist",
			);
			name = "[CP] Embed Pods Frameworks";
			outputFileListPaths = (
				"${PODS_ROOT}/Target Support Files/Pods-share1car/Pods-share1car-frameworks-${CONFIGURATION}-output-files.xcfilelist",
			);
			runOnlyForDeploymentPostprocessing = 0;
			shellPath = /bin/sh;
			shellScript = "\"${PODS_ROOT}/Target Support Files/Pods-share1car/Pods-share1car-frameworks.sh\"\n";
			showEnvVarsInLog = 0;
		};
		DC82D2460CBEC92180903501 /* [CP] Copy Pods Resources */ = {
			isa = PBXShellScriptBuildPhase;
			buildActionMask = 2147483647;
			files = (
			);
			inputFileListPaths = (
				"${PODS_ROOT}/Target Support Files/Pods-share1car/Pods-share1car-resources-${CONFIGURATION}-input-files.xcfilelist",
			);
			name = "[CP] Copy Pods Resources";
			outputFileListPaths = (
				"${PODS_ROOT}/Target Support Files/Pods-share1car/Pods-share1car-resources-${CONFIGURATION}-output-files.xcfilelist",
			);
			runOnlyForDeploymentPostprocessing = 0;
			shellPath = /bin/sh;
			shellScript = "\"${PODS_ROOT}/Target Support Files/Pods-share1car/Pods-share1car-resources.sh\"\n";
			showEnvVarsInLog = 0;
		};
/* End PBXShellScriptBuildPhase section */

/* Begin PBXSourcesBuildPhase section */
		F1A2781E236C94DC004B9C8F /* Sources */ = {
			isa = PBXSourcesBuildPhase;
			buildActionMask = 2147483647;
			files = (
				F13E6B83236CA576008C136B /* DriverViewController.swift in Sources */,
				F1F73F622378774F00AA7E32 /* BulletinDataSource.swift in Sources */,
				F136A70B2374B9D60055DF4D /* Converters.swift in Sources */,
				F1369403237A453000F64C9B /* FeedbackViewController.swift in Sources */,
				F11AD78F2370E0A900B308E3 /* Alerts.swift in Sources */,
				F1AC5B6A237DD1D30052E1DE /* RouteETAAnnotationView.swift in Sources */,
				F11AD78B2370CC5600B308E3 /* PriceCalculation.swift in Sources */,
				F11E2AF223707D7900C8E9D0 /* WidgetExtensions.swift in Sources */,
				F1F73F5923786B2D00AA7E32 /* NotificationsManager.swift in Sources */,
				F136A709237471560055DF4D /* RiderDataManager.swift in Sources */,
				F1F73F6D2378777A00AA7E32 /* DatePickerBulletinItem.swift in Sources */,
				F13E6B8D236CC2CF008C136B /* AuthManager.swift in Sources */,
				F13E6B87236CC062008C136B /* DataManager.swift in Sources */,
				F136A70F23762D9F0055DF4D /* SidemenuViewController.swift in Sources */,
				F10D27D12379E28C009BC84F /* CarpoolAlertBTLNItem.swift in Sources */,
				F1369405237A45E100F64C9B /* FeedbackHeaderView.swift in Sources */,
				F1AC5B6E237DF1CF0052E1DE /* UIView+S1C.swift in Sources */,
				F11E2AF523707D7900C8E9D0 /* RippleLayer.swift in Sources */,
				F11AD7912370E42E00B308E3 /* DriverDataManager.swift in Sources */,
				F1F73F73237891A600AA7E32 /* CarpoolSearchManager.swift in Sources */,
				F10D27CA2378D72F009BC84F /* UserSettingsProfilePhotoHeaderView.swift in Sources */,
				F1369409237A487700F64C9B /* CustomRateCell.swift in Sources */,
				F1A27826236C94DC004B9C8F /* AppDelegate.swift in Sources */,
				F136940D237A588700F64C9B /* OnboardingManager.swift in Sources */,
				F13E6B85236CA5FE008C136B /* MainTabBarController.swift in Sources */,
				F136A71323774A080055DF4D /* UserSettingsManager.swift in Sources */,
				F136940F237B945900F64C9B /* CarpoolAcceptManager.swift in Sources */,
				F11E2AF72370906D00C8E9D0 /* SearchTableViewController.swift in Sources */,
				F11E2AEF23707D7900C8E9D0 /* AnimHelper.swift in Sources */,
				F121B2722382211E000746C1 /* SceneDelegate.swift in Sources */,
				F13E6B81236CA4AF008C136B /* RiderViewController.swift in Sources */,
				F10D27C62378CE7F009BC84F /* ImagePicker.swift in Sources */,
				F11E2AF423707D7900C8E9D0 /* MaterialButton.swift in Sources */,
				F11E2AF023707D7900C8E9D0 /* Searchbar.swift in Sources */,
				F10D27C42378B9E4009BC84F /* SettingsViewController.swift in Sources */,
				F13E6B8B236CC1DA008C136B /* ViewModels.swift in Sources */,
				F11E2AF323707D7900C8E9D0 /* MaterialTextField.swift in Sources */,
				F10D27CE2379E062009BC84F /* CarpoolRideInformationView.swift in Sources */,
				F1F73F6A2378777A00AA7E32 /* BackgroundStyles.swift in Sources */,
				F1F73F692378777A00AA7E32 /* FeedbackPageBulletinItem.swift in Sources */,
				F1B65E8E2377FFFB003F39B8 /* Color+S1C.swift in Sources */,
				F1F73F6C2378777A00AA7E32 /* TextFieldBulletinPage.swift in Sources */,
				F11AD7932370F70400B308E3 /* LocationManager.swift in Sources */,
				F11E2AF123707D7900C8E9D0 /* Extensions.swift in Sources */,
				F11E2AF92370925200C8E9D0 /* Namedblocks.swift in Sources */,
				F1F73F7023787CF200AA7E32 /* FeedbackGenerators.swift in Sources */,
			);
			runOnlyForDeploymentPostprocessing = 0;
		};
/* End PBXSourcesBuildPhase section */

/* Begin PBXVariantGroup section */
		F1A2782D236C94DC004B9C8F /* Main.storyboard */ = {
			isa = PBXVariantGroup;
			children = (
				F1A2782E236C94DC004B9C8F /* Base */,
			);
			name = Main.storyboard;
			sourceTree = "<group>";
		};
		F1A27832236C94E0004B9C8F /* LaunchScreen.storyboard */ = {
			isa = PBXVariantGroup;
			children = (
				F1A27833236C94E0004B9C8F /* Base */,
			);
			name = LaunchScreen.storyboard;
			sourceTree = "<group>";
		};
/* End PBXVariantGroup section */

/* Begin XCBuildConfiguration section */
		F1A27836236C94E0004B9C8F /* Debug */ = {
			isa = XCBuildConfiguration;
			buildSettings = {
				ALWAYS_SEARCH_USER_PATHS = NO;
				CLANG_ANALYZER_NONNULL = YES;
				CLANG_ANALYZER_NUMBER_OBJECT_CONVERSION = YES_AGGRESSIVE;
				CLANG_CXX_LANGUAGE_STANDARD = "gnu++14";
				CLANG_CXX_LIBRARY = "libc++";
				CLANG_ENABLE_MODULES = YES;
				CLANG_ENABLE_OBJC_ARC = YES;
				CLANG_ENABLE_OBJC_WEAK = YES;
				CLANG_WARN_BLOCK_CAPTURE_AUTORELEASING = YES;
				CLANG_WARN_BOOL_CONVERSION = YES;
				CLANG_WARN_COMMA = YES;
				CLANG_WARN_CONSTANT_CONVERSION = YES;
				CLANG_WARN_DEPRECATED_OBJC_IMPLEMENTATIONS = YES;
				CLANG_WARN_DIRECT_OBJC_ISA_USAGE = YES_ERROR;
				CLANG_WARN_DOCUMENTATION_COMMENTS = YES;
				CLANG_WARN_EMPTY_BODY = YES;
				CLANG_WARN_ENUM_CONVERSION = YES;
				CLANG_WARN_INFINITE_RECURSION = YES;
				CLANG_WARN_INT_CONVERSION = YES;
				CLANG_WARN_NON_LITERAL_NULL_CONVERSION = YES;
				CLANG_WARN_OBJC_IMPLICIT_RETAIN_SELF = YES;
				CLANG_WARN_OBJC_LITERAL_CONVERSION = YES;
				CLANG_WARN_OBJC_ROOT_CLASS = YES_ERROR;
				CLANG_WARN_RANGE_LOOP_ANALYSIS = YES;
				CLANG_WARN_STRICT_PROTOTYPES = YES;
				CLANG_WARN_SUSPICIOUS_MOVE = YES;
				CLANG_WARN_UNGUARDED_AVAILABILITY = YES_AGGRESSIVE;
				CLANG_WARN_UNREACHABLE_CODE = YES;
				CLANG_WARN__DUPLICATE_METHOD_MATCH = YES;
				COPY_PHASE_STRIP = NO;
				DEBUG_INFORMATION_FORMAT = dwarf;
				ENABLE_STRICT_OBJC_MSGSEND = YES;
				ENABLE_TESTABILITY = YES;
				GCC_C_LANGUAGE_STANDARD = gnu11;
				GCC_DYNAMIC_NO_PIC = NO;
				GCC_NO_COMMON_BLOCKS = YES;
				GCC_OPTIMIZATION_LEVEL = 0;
				GCC_PREPROCESSOR_DEFINITIONS = (
					"DEBUG=1",
					"$(inherited)",
				);
				GCC_WARN_64_TO_32_BIT_CONVERSION = YES;
				GCC_WARN_ABOUT_RETURN_TYPE = YES_ERROR;
				GCC_WARN_UNDECLARED_SELECTOR = YES;
				GCC_WARN_UNINITIALIZED_AUTOS = YES_AGGRESSIVE;
				GCC_WARN_UNUSED_FUNCTION = YES;
				GCC_WARN_UNUSED_VARIABLE = YES;
				IPHONEOS_DEPLOYMENT_TARGET = 12.4;
				MTL_ENABLE_DEBUG_INFO = INCLUDE_SOURCE;
				MTL_FAST_MATH = YES;
				ONLY_ACTIVE_ARCH = YES;
				SDKROOT = iphoneos;
				SWIFT_ACTIVE_COMPILATION_CONDITIONS = DEBUG;
				SWIFT_OPTIMIZATION_LEVEL = "-Onone";
			};
			name = Debug;
		};
		F1A27837236C94E0004B9C8F /* Release */ = {
			isa = XCBuildConfiguration;
			buildSettings = {
				ALWAYS_SEARCH_USER_PATHS = NO;
				CLANG_ANALYZER_NONNULL = YES;
				CLANG_ANALYZER_NUMBER_OBJECT_CONVERSION = YES_AGGRESSIVE;
				CLANG_CXX_LANGUAGE_STANDARD = "gnu++14";
				CLANG_CXX_LIBRARY = "libc++";
				CLANG_ENABLE_MODULES = YES;
				CLANG_ENABLE_OBJC_ARC = YES;
				CLANG_ENABLE_OBJC_WEAK = YES;
				CLANG_WARN_BLOCK_CAPTURE_AUTORELEASING = YES;
				CLANG_WARN_BOOL_CONVERSION = YES;
				CLANG_WARN_COMMA = YES;
				CLANG_WARN_CONSTANT_CONVERSION = YES;
				CLANG_WARN_DEPRECATED_OBJC_IMPLEMENTATIONS = YES;
				CLANG_WARN_DIRECT_OBJC_ISA_USAGE = YES_ERROR;
				CLANG_WARN_DOCUMENTATION_COMMENTS = YES;
				CLANG_WARN_EMPTY_BODY = YES;
				CLANG_WARN_ENUM_CONVERSION = YES;
				CLANG_WARN_INFINITE_RECURSION = YES;
				CLANG_WARN_INT_CONVERSION = YES;
				CLANG_WARN_NON_LITERAL_NULL_CONVERSION = YES;
				CLANG_WARN_OBJC_IMPLICIT_RETAIN_SELF = YES;
				CLANG_WARN_OBJC_LITERAL_CONVERSION = YES;
				CLANG_WARN_OBJC_ROOT_CLASS = YES_ERROR;
				CLANG_WARN_RANGE_LOOP_ANALYSIS = YES;
				CLANG_WARN_STRICT_PROTOTYPES = YES;
				CLANG_WARN_SUSPICIOUS_MOVE = YES;
				CLANG_WARN_UNGUARDED_AVAILABILITY = YES_AGGRESSIVE;
				CLANG_WARN_UNREACHABLE_CODE = YES;
				CLANG_WARN__DUPLICATE_METHOD_MATCH = YES;
				COPY_PHASE_STRIP = NO;
				DEBUG_INFORMATION_FORMAT = "dwarf-with-dsym";
				ENABLE_NS_ASSERTIONS = NO;
				ENABLE_STRICT_OBJC_MSGSEND = YES;
				GCC_C_LANGUAGE_STANDARD = gnu11;
				GCC_NO_COMMON_BLOCKS = YES;
				GCC_WARN_64_TO_32_BIT_CONVERSION = YES;
				GCC_WARN_ABOUT_RETURN_TYPE = YES_ERROR;
				GCC_WARN_UNDECLARED_SELECTOR = YES;
				GCC_WARN_UNINITIALIZED_AUTOS = YES_AGGRESSIVE;
				GCC_WARN_UNUSED_FUNCTION = YES;
				GCC_WARN_UNUSED_VARIABLE = YES;
				IPHONEOS_DEPLOYMENT_TARGET = 12.4;
				MTL_ENABLE_DEBUG_INFO = NO;
				MTL_FAST_MATH = YES;
				SDKROOT = iphoneos;
				SWIFT_COMPILATION_MODE = wholemodule;
				SWIFT_OPTIMIZATION_LEVEL = "-O";
				VALIDATE_PRODUCT = YES;
			};
			name = Release;
		};
		F1A27839236C94E0004B9C8F /* Debug */ = {
			isa = XCBuildConfiguration;
			baseConfigurationReference = 4E8C56ACF287C3FDC2CEC6F4 /* Pods-share1car.debug.xcconfig */;
			buildSettings = {
				ASSETCATALOG_COMPILER_APPICON_NAME = "AppIcon-1";
				CODE_SIGN_ENTITLEMENTS = share1car/share1car.entitlements;
				CODE_SIGN_IDENTITY = "Apple Development";
				CODE_SIGN_STYLE = Automatic;
				CURRENT_PROJECT_VERSION = 7;
				DEVELOPMENT_TEAM = 43R88X5B35;
				INFOPLIST_FILE = share1car/Info.plist;
				LD_RUNPATH_SEARCH_PATHS = (
					"$(inherited)",
					"@executable_path/Frameworks",
				);
				PRODUCT_BUNDLE_IDENTIFIER = com.sdwr.share1car;
				PRODUCT_NAME = "$(TARGET_NAME)";
				PROVISIONING_PROFILE_SPECIFIER = "";
				SWIFT_VERSION = 5.0;
				TARGETED_DEVICE_FAMILY = 1;
			};
			name = Debug;
		};
		F1A2783A236C94E0004B9C8F /* Release */ = {
			isa = XCBuildConfiguration;
			baseConfigurationReference = 7A4053CCD9BF5207A693DFD9 /* Pods-share1car.release.xcconfig */;
			buildSettings = {
				ASSETCATALOG_COMPILER_APPICON_NAME = "AppIcon-1";
				CODE_SIGN_ENTITLEMENTS = share1car/share1car.entitlements;
				CODE_SIGN_IDENTITY = "Apple Development";
				CODE_SIGN_STYLE = Automatic;
				CURRENT_PROJECT_VERSION = 7;
				DEVELOPMENT_TEAM = 43R88X5B35;
				INFOPLIST_FILE = share1car/Info.plist;
				LD_RUNPATH_SEARCH_PATHS = (
					"$(inherited)",
					"@executable_path/Frameworks",
				);
				PRODUCT_BUNDLE_IDENTIFIER = com.sdwr.share1car;
				PRODUCT_NAME = "$(TARGET_NAME)";
				PROVISIONING_PROFILE_SPECIFIER = "";
				SWIFT_VERSION = 5.0;
				TARGETED_DEVICE_FAMILY = 1;
			};
			name = Release;
		};
/* End XCBuildConfiguration section */

/* Begin XCConfigurationList section */
		F1A2781D236C94DC004B9C8F /* Build configuration list for PBXProject "share1car" */ = {
			isa = XCConfigurationList;
			buildConfigurations = (
				F1A27836236C94E0004B9C8F /* Debug */,
				F1A27837236C94E0004B9C8F /* Release */,
			);
			defaultConfigurationIsVisible = 0;
			defaultConfigurationName = Release;
		};
		F1A27838236C94E0004B9C8F /* Build configuration list for PBXNativeTarget "share1car" */ = {
			isa = XCConfigurationList;
			buildConfigurations = (
				F1A27839236C94E0004B9C8F /* Debug */,
				F1A2783A236C94E0004B9C8F /* Release */,
			);
			defaultConfigurationIsVisible = 0;
			defaultConfigurationName = Release;
		};
/* End XCConfigurationList section */
	};
	rootObject = F1A2781A236C94DC004B9C8F /* Project object */;
}
